
Microsoft Visual Studio Solution File, Format Version 12.00
# Visual Studio 2012
Project("{FAE04EC0-301F-11D3-BF4B-00C04F79EFBC}") = "UI_Inventory", "Flat_Datagrid\UI_Inventory.csproj", "{BE089DC6-0225-4C24-ABA1-3F4C1C3AF657}"
EndProject
Global
	GlobalSection(SolutionConfigurationPlatforms) = preSolution
		Debug|Any CPU = Debug|Any CPU
		Release|Any CPU = Release|Any CPU
	EndGlobalSection
	GlobalSection(ProjectConfigurationPlatforms) = postSolution
		{BE089DC6-0225-4C24-ABA1-3F4C1C3AF657}.Debug|Any CPU.ActiveCfg = Debug|Any CPU
		{BE089DC6-0225-4C24-ABA1-3F4C1C3AF657}.Debug|Any CPU.Build.0 = Debug|Any CPU
		{BE089DC6-0225-4C24-ABA1-3F4C1C3AF657}.Release|Any CPU.ActiveCfg = Release|Any CPU
		{BE089DC6-0225-4C24-ABA1-3F4C1C3AF657}.Release|Any CPU.Build.0 = Release|Any CPU
	EndGlobalSection
	GlobalSection(SolutionProperties) = preSolution
		HideSolutionNode = FALSE
	EndGlobalSection
EndGlobal
